<?xml version="1.0" encoding="utf-8"?>
<Project ToolsVersion="4.0" xmlns="http://schemas.microsoft.com/developer/msbuild/2003">
  <ItemGroup>
    <CustomBuild Include="..\CMakeFiles\68c5bbc151ed5a83db3fe519e97256ef\INSTALL_force.rule">
      <Filter>CMake Rules</Filter>
    </CustomBuild>
  </ItemGroup>
  <ItemGroup>
    <Filter Include="CMake Rules">
      <UniqueIdentifier>{F0E0DF0B-195A-4D5C-9E4A-40532A664D05}</UniqueIdentifier>
    </Filter>
  </ItemGroup>
</Project>
